
Microsoft Visual Studio Solution File, Format Version 12.00
# Visual Studio 15
VisualStudioVersion = 15.0.28307.136
MinimumVisualStudioVersion = 10.0.40219.1
Project("{FAE04EC0-301F-11D3-BF4B-00C04F79EFBC}") = "WordCount", "WordCount\WordCount.csproj", "{D6E6087B-6975-474C-A4FE-036D9A749E83}"
EndProject
Global
	GlobalSection(SolutionConfigurationPlatforms) = preSolution
		Debug|Any CPU = Debug|Any CPU
		Release|Any CPU = Release|Any CPU
	EndGlobalSection
	GlobalSection(ProjectConfigurationPlatforms) = postSolution
		{D6E6087B-6975-474C-A4FE-036D9A749E83}.Debug|Any CPU.ActiveCfg = Debug|Any CPU
		{D6E6087B-6975-474C-A4FE-036D9A749E83}.Debug|Any CPU.Build.0 = Debug|Any CPU
		{D6E6087B-6975-474C-A4FE-036D9A749E83}.Release|Any CPU.ActiveCfg = Release|Any CPU
		{D6E6087B-6975-474C-A4FE-036D9A749E83}.Release|Any CPU.Build.0 = Release|Any CPU
	EndGlobalSection
	GlobalSection(SolutionProperties) = preSolution
		HideSolutionNode = FALSE
	EndGlobalSection
	GlobalSection(ExtensibilityGlobals) = postSolution
		SolutionGuid = {08D13011-D7A7-4334-87C9-9E804E427ACC}
	EndGlobalSection
EndGlobal
